{
  "requires": true,
  "lockfileVersion": 1,
  "dependencies": {
    "checkbox-radio": {
      "version": "1.1.1",
      "resolved": "https://registry.npmjs.org/checkbox-radio/-/checkbox-radio-1.1.1.tgz",
      "integrity": "sha1-A0y5teyTKy5FCgSnL1apWzANq9Q=",
      "dev": true
    },
    "t-scroll": {
      "version": "github:crazychicken/t-scroll#a0e721f2e641fcae3f22b242e384d892fdd0d6e6",
      "from": "github:crazychicken/t-scroll",
      "dev": true,
      "requires": {
        "checkbox-radio": "^1.1.0"
      }
    }
  }
}
